// !$*UTF8*$!
{
	archiveVersion = 1;
	classes = {
	};
	objectVersion = 56;
	objects = {

/* Begin PBXBuildFile section */
		C803CA4429DDAB6D0053473D /* SectionTwoHeader.swift in Sources */ = {isa = PBXBuildFile; fileRef = C803CA4329DDAB6D0053473D /* SectionTwoHeader.swift */; };
		C803CA4829DDB8370053473D /* SectionTwoCell.swift in Sources */ = {isa = PBXBuildFile; fileRef = C803CA4729DDB8370053473D /* SectionTwoCell.swift */; };
		C86E8BD029DABCB0001B8DC8 /* SectionOneHeader.swift in Sources */ = {isa = PBXBuildFile; fileRef = C86E8BCF29DABCB0001B8DC8 /* SectionOneHeader.swift */; };
		C8ED340329D955BA00CA9286 /* AppDelegate.swift in Sources */ = {isa = PBXBuildFile; fileRef = C8ED340229D955BA00CA9286 /* AppDelegate.swift */; };
		C8ED340529D955BA00CA9286 /* SceneDelegate.swift in Sources */ = {isa = PBXBuildFile; fileRef = C8ED340429D955BA00CA9286 /* SceneDelegate.swift */; };
		C8ED340729D955BA00CA9286 /* ReminderViewController.swift in Sources */ = {isa = PBXBuildFile; fileRef = C8ED340629D955BA00CA9286 /* ReminderViewController.swift */; };
		C8ED340C29D955BB00CA9286 /* Assets.xcassets in Resources */ = {isa = PBXBuildFile; fileRef = C8ED340B29D955BB00CA9286 /* Assets.xcassets */; };
		C8ED340F29D955BB00CA9286 /* LaunchScreen.storyboard in Resources */ = {isa = PBXBuildFile; fileRef = C8ED340D29D955BB00CA9286 /* LaunchScreen.storyboard */; };
		C8ED341829D95E6C00CA9286 /* SnapKit in Frameworks */ = {isa = PBXBuildFile; productRef = C8ED341729D95E6C00CA9286 /* SnapKit */; };
		C8F7E68D29D9969A0004CC43 /* SectionOneCell.swift in Sources */ = {isa = PBXBuildFile; fileRef = C8F7E68C29D9969A0004CC43 /* SectionOneCell.swift */; };
/* End PBXBuildFile section */

/* Begin PBXFileReference section */
		C803CA4329DDAB6D0053473D /* SectionTwoHeader.swift */ = {isa = PBXFileReference; lastKnownFileType = sourcecode.swift; path = SectionTwoHeader.swift; sourceTree = "<group>"; };
		C803CA4729DDB8370053473D /* SectionTwoCell.swift */ = {isa = PBXFileReference; lastKnownFileType = sourcecode.swift; path = SectionTwoCell.swift; sourceTree = "<group>"; };
		C86E8BCF29DABCB0001B8DC8 /* SectionOneHeader.swift */ = {isa = PBXFileReference; lastKnownFileType = sourcecode.swift; path = SectionOneHeader.swift; sourceTree = "<group>"; };
		C8ED33FF29D955BA00CA9286 /* ReminderPractice.app */ = {isa = PBXFileReference; explicitFileType = wrapper.application; includeInIndex = 0; path = ReminderPractice.app; sourceTree = BUILT_PRODUCTS_DIR; };
		C8ED340229D955BA00CA9286 /* AppDelegate.swift */ = {isa = PBXFileReference; lastKnownFileType = sourcecode.swift; path = AppDelegate.swift; sourceTree = "<group>"; };
		C8ED340429D955BA00CA9286 /* SceneDelegate.swift */ = {isa = PBXFileReference; lastKnownFileType = sourcecode.swift; path = SceneDelegate.swift; sourceTree = "<group>"; };
		C8ED340629D955BA00CA9286 /* ReminderViewController.swift */ = {isa = PBXFileReference; lastKnownFileType = sourcecode.swift; path = ReminderViewController.swift; sourceTree = "<group>"; };
		C8ED340B29D955BB00CA9286 /* Assets.xcassets */ = {isa = PBXFileReference; lastKnownFileType = folder.assetcatalog; path = Assets.xcassets; sourceTree = "<group>"; };
		C8ED340E29D955BB00CA9286 /* Base */ = {isa = PBXFileReference; lastKnownFileType = file.storyboard; name = Base; path = Base.lproj/LaunchScreen.storyboard; sourceTree = "<group>"; };
		C8ED341029D955BB00CA9286 /* Info.plist */ = {isa = PBXFileReference; lastKnownFileType = text.plist.xml; path = Info.plist; sourceTree = "<group>"; };
		C8F7E68C29D9969A0004CC43 /* SectionOneCell.swift */ = {isa = PBXFileReference; lastKnownFileType = sourcecode.swift; path = SectionOneCell.swift; sourceTree = "<group>"; };
/* End PBXFileReference section */

/* Begin PBXFrameworksBuildPhase section */
		C8ED33FC29D955BA00CA9286 /* Frameworks */ = {
			isa = PBXFrameworksBuildPhase;
			buildActionMask = 2147483647;
			files = (
				C8ED341829D95E6C00CA9286 /* SnapKit in Frameworks */,
			);
			runOnlyForDeploymentPostprocessing = 0;
		};
/* End PBXFrameworksBuildPhase section */

/* Begin PBXGroup section */
		C8ED33F629D955BA00CA9286 = {
			isa = PBXGroup;
			children = (
				C8ED340129D955BA00CA9286 /* ReminderPractice */,
				C8ED340029D955BA00CA9286 /* Products */,
			);
			sourceTree = "<group>";
		};
		C8ED340029D955BA00CA9286 /* Products */ = {
			isa = PBXGroup;
			children = (
				C8ED33FF29D955BA00CA9286 /* ReminderPractice.app */,
			);
			name = Products;
			sourceTree = "<group>";
		};
		C8ED340129D955BA00CA9286 /* ReminderPractice */ = {
			isa = PBXGroup;
			children = (
				C8ED340229D955BA00CA9286 /* AppDelegate.swift */,
				C8ED340429D955BA00CA9286 /* SceneDelegate.swift */,
				C8ED340629D955BA00CA9286 /* ReminderViewController.swift */,
				C803CA4329DDAB6D0053473D /* SectionTwoHeader.swift */,
				C8F7E68C29D9969A0004CC43 /* SectionOneCell.swift */,
				C803CA4729DDB8370053473D /* SectionTwoCell.swift */,
				C86E8BCF29DABCB0001B8DC8 /* SectionOneHeader.swift */,
				C8ED340B29D955BB00CA9286 /* Assets.xcassets */,
				C8ED340D29D955BB00CA9286 /* LaunchScreen.storyboard */,
				C8ED341029D955BB00CA9286 /* Info.plist */,
			);
			path = ReminderPractice;
			sourceTree = "<group>";
		};
/* End PBXGroup section */

/* Begin PBXNativeTarget section */
		C8ED33FE29D955BA00CA9286 /* ReminderPractice */ = {
			isa = PBXNativeTarget;
			buildConfigurationList = C8ED341329D955BB00CA9286 /* Build configuration list for PBXNativeTarget "ReminderPractice" */;
			buildPhases = (
				C8ED33FB29D955BA00CA9286 /* Sources */,
				C8ED33FC29D955BA00CA9286 /* Frameworks */,
				C8ED33FD29D955BA00CA9286 /* Resources */,
			);
			buildRules = (
			);
			dependencies = (
			);
			name = ReminderPractice;
			packageProductDependencies = (
				C8ED341729D95E6C00CA9286 /* SnapKit */,
			);
			productName = ReminderPractice;
			productReference = C8ED33FF29D955BA00CA9286 /* ReminderPractice.app */;
			productType = "com.apple.product-type.application";
		};
/* End PBXNativeTarget section */

/* Begin PBXProject section */
		C8ED33F729D955BA00CA9286 /* Project object */ = {
			isa = PBXProject;
			attributes = {
				BuildIndependentTargetsInParallel = 1;
				LastSwiftUpdateCheck = 1420;
				LastUpgradeCheck = 1420;
				TargetAttributes = {
					C8ED33FE29D955BA00CA9286 = {
						CreatedOnToolsVersion = 14.2;
					};
				};
			};
			buildConfigurationList = C8ED33FA29D955BA00CA9286 /* Build configuration list for PBXProject "ReminderPractice" */;
			compatibilityVersion = "Xcode 14.0";
			developmentRegion = en;
			hasScannedForEncodings = 0;
			knownRegions = (
				en,
				Base,
			);
			mainGroup = C8ED33F629D955BA00CA9286;
			packageReferences = (
				C8ED341629D95E6C00CA9286 /* XCRemoteSwiftPackageReference "SnapKit" */,
			);
			productRefGroup = C8ED340029D955BA00CA9286 /* Products */;
			projectDirPath = "";
			projectRoot = "";
			targets = (
				C8ED33FE29D955BA00CA9286 /* ReminderPractice */,
			);
		};
/* End PBXProject section */

/* Begin PBXResourcesBuildPhase section */
		C8ED33FD29D955BA00CA9286 /* Resources */ = {
			isa = PBXResourcesBuildPhase;
			buildActionMask = 2147483647;
			files = (
				C8ED340F29D955BB00CA9286 /* LaunchScreen.storyboard in Resources */,
				C8ED340C29D955BB00CA9286 /* Assets.xcassets in Resources */,
			);
			runOnlyForDeploymentPostprocessing = 0;
		};
/* End PBXResourcesBuildPhase section */

/* Begin PBXSourcesBuildPhase section */
		C8ED33FB29D955BA00CA9286 /* Sources */ = {
			isa = PBXSourcesBuildPhase;
			buildActionMask = 2147483647;
			files = (
				C803CA4829DDB8370053473D /* SectionTwoCell.swift in Sources */,
				C86E8BD029DABCB0001B8DC8 /* SectionOneHeader.swift in Sources */,
				C803CA4429DDAB6D0053473D /* SectionTwoHeader.swift in Sources */,
				C8ED340729D955BA00CA9286 /* ReminderViewController.swift in Sources */,
				C8ED340329D955BA00CA9286 /* AppDelegate.swift in Sources */,
				C8F7E68D29D9969A0004CC43 /* SectionOneCell.swift in Sources */,
				C8ED340529D955BA00CA9286 /* SceneDelegate.swift in Sources */,
			);
			runOnlyForDeploymentPostprocessing = 0;
		};
/* End PBXSourcesBuildPhase section */

/* Begin PBXVariantGroup section */
		C8ED340D29D955BB00CA9286 /* LaunchScreen.storyboard */ = {
			isa = PBXVariantGroup;
			children = (
				C8ED340E29D955BB00CA9286 /* Base */,
			);
			name = LaunchScreen.storyboard;
			sourceTree = "<group>";
		};
/* End PBXVariantGroup section */

/* Begin XCBuildConfiguration section */
		C8ED341129D955BB00CA9286 /* Debug */ = {
			isa = XCBuildConfiguration;
			buildSettings = {
				ALWAYS_SEARCH_USER_PATHS = NO;
				CLANG_ANALYZER_NONNULL = YES;
				CLANG_ANALYZER_NUMBER_OBJECT_CONVERSION = YES_AGGRESSIVE;
				CLANG_CXX_LANGUAGE_STANDARD = "gnu++20";
				CLANG_ENABLE_MODULES = YES;
				CLANG_ENABLE_OBJC_ARC = YES;
				CLANG_ENABLE_OBJC_WEAK = YES;
				CLANG_WARN_BLOCK_CAPTURE_AUTORELEASING = YES;
				CLANG_WARN_BOOL_CONVERSION = YES;
				CLANG_WARN_COMMA = YES;
				CLANG_WARN_CONSTANT_CONVERSION = YES;
				CLANG_WARN_DEPRECATED_OBJC_IMPLEMENTATIONS = YES;
				CLANG_WARN_DIRECT_OBJC_ISA_USAGE = YES_ERROR;
				CLANG_WARN_DOCUMENTATION_COMMENTS = YES;
				CLANG_WARN_EMPTY_BODY = YES;
				CLANG_WARN_ENUM_CONVERSION = YES;
				CLANG_WARN_INFINITE_RECURSION = YES;
				CLANG_WARN_INT_CONVERSION = YES;
				CLANG_WARN_NON_LITERAL_NULL_CONVERSION = YES;
				CLANG_WARN_OBJC_IMPLICIT_RETAIN_SELF = YES;
				CLANG_WARN_OBJC_LITERAL_CONVERSION = YES;
				CLANG_WARN_OBJC_ROOT_CLASS = YES_ERROR;
				CLANG_WARN_QUOTED_INCLUDE_IN_FRAMEWORK_HEADER = YES;
				CLANG_WARN_RANGE_LOOP_ANALYSIS = YES;
				CLANG_WARN_STRICT_PROTOTYPES = YES;
				CLANG_WARN_SUSPICIOUS_MOVE = YES;
				CLANG_WARN_UNGUARDED_AVAILABILITY = YES_AGGRESSIVE;
				CLANG_WARN_UNREACHABLE_CODE = YES;
				CLANG_WARN__DUPLICATE_METHOD_MATCH = YES;
				COPY_PHASE_STRIP = NO;
				DEBUG_INFORMATION_FORMAT = dwarf;
				ENABLE_STRICT_OBJC_MSGSEND = YES;
				ENABLE_TESTABILITY = YES;
				GCC_C_LANGUAGE_STANDARD = gnu11;
				GCC_DYNAMIC_NO_PIC = NO;
				GCC_NO_COMMON_BLOCKS = YES;
				GCC_OPTIMIZATION_LEVEL = 0;
				GCC_PREPROCESSOR_DEFINITIONS = (
					"DEBUG=1",
					"$(inherited)",
				);
				GCC_WARN_64_TO_32_BIT_CONVERSION = YES;
				GCC_WARN_ABOUT_RETURN_TYPE = YES_ERROR;
				GCC_WARN_UNDECLARED_SELECTOR = YES;
				GCC_WARN_UNINITIALIZED_AUTOS = YES_AGGRESSIVE;
				GCC_WARN_UNUSED_FUNCTION = YES;
				GCC_WARN_UNUSED_VARIABLE = YES;
				IPHONEOS_DEPLOYMENT_TARGET = 16.2;
				MTL_ENABLE_DEBUG_INFO = INCLUDE_SOURCE;
				MTL_FAST_MATH = YES;
				ONLY_ACTIVE_ARCH = YES;
				SDKROOT = iphoneos;
				SWIFT_ACTIVE_COMPILATION_CONDITIONS = DEBUG;
				SWIFT_OPTIMIZATION_LEVEL = "-Onone";
			};
			name = Debug;
		};
		C8ED341229D955BB00CA9286 /* Release */ = {
			isa = XCBuildConfiguration;
			buildSettings = {
				ALWAYS_SEARCH_USER_PATHS = NO;
				CLANG_ANALYZER_NONNULL = YES;
				CLANG_ANALYZER_NUMBER_OBJECT_CONVERSION = YES_AGGRESSIVE;
				CLANG_CXX_LANGUAGE_STANDARD = "gnu++20";
				CLANG_ENABLE_MODULES = YES;
				CLANG_ENABLE_OBJC_ARC = YES;
				CLANG_ENABLE_OBJC_WEAK = YES;
				CLANG_WARN_BLOCK_CAPTURE_AUTORELEASING = YES;
				CLANG_WARN_BOOL_CONVERSION = YES;
				CLANG_WARN_COMMA = YES;
				CLANG_WARN_CONSTANT_CONVERSION = YES;
				CLANG_WARN_DEPRECATED_OBJC_IMPLEMENTATIONS = YES;
				CLANG_WARN_DIRECT_OBJC_ISA_USAGE = YES_ERROR;
				CLANG_WARN_DOCUMENTATION_COMMENTS = YES;
				CLANG_WARN_EMPTY_BODY = YES;
				CLANG_WARN_ENUM_CONVERSION = YES;
				CLANG_WARN_INFINITE_RECURSION = YES;
				CLANG_WARN_INT_CONVERSION = YES;
				CLANG_WARN_NON_LITERAL_NULL_CONVERSION = YES;
				CLANG_WARN_OBJC_IMPLICIT_RETAIN_SELF = YES;
				CLANG_WARN_OBJC_LITERAL_CONVERSION = YES;
				CLANG_WARN_OBJC_ROOT_CLASS = YES_ERROR;
				CLANG_WARN_QUOTED_INCLUDE_IN_FRAMEWORK_HEADER = YES;
				CLANG_WARN_RANGE_LOOP_ANALYSIS = YES;
				CLANG_WARN_STRICT_PROTOTYPES = YES;
				CLANG_WARN_SUSPICIOUS_MOVE = YES;
				CLANG_WARN_UNGUARDED_AVAILABILITY = YES_AGGRESSIVE;
				CLANG_WARN_UNREACHABLE_CODE = YES;
				CLANG_WARN__DUPLICATE_METHOD_MATCH = YES;
				COPY_PHASE_STRIP = NO;
				DEBUG_INFORMATION_FORMAT = "dwarf-with-dsym";
				ENABLE_NS_ASSERTIONS = NO;
				ENABLE_STRICT_OBJC_MSGSEND = YES;
				GCC_C_LANGUAGE_STANDARD = gnu11;
				GCC_NO_COMMON_BLOCKS = YES;
				GCC_WARN_64_TO_32_BIT_CONVERSION = YES;
				GCC_WARN_ABOUT_RETURN_TYPE = YES_ERROR;
				GCC_WARN_UNDECLARED_SELECTOR = YES;
				GCC_WARN_UNINITIALIZED_AUTOS = YES_AGGRESSIVE;
				GCC_WARN_UNUSED_FUNCTION = YES;
				GCC_WARN_UNUSED_VARIABLE = YES;
				IPHONEOS_DEPLOYMENT_TARGET = 16.2;
				MTL_ENABLE_DEBUG_INFO = NO;
				MTL_FAST_MATH = YES;
				SDKROOT = iphoneos;
				SWIFT_COMPILATION_MODE = wholemodule;
				SWIFT_OPTIMIZATION_LEVEL = "-O";
				VALIDATE_PRODUCT = YES;
			};
			name = Release;
		};
		C8ED341429D955BB00CA9286 /* Debug */ = {
			isa = XCBuildConfiguration;
			buildSettings = {
				ASSETCATALOG_COMPILER_APPICON_NAME = AppIcon;
				ASSETCATALOG_COMPILER_GLOBAL_ACCENT_COLOR_NAME = AccentColor;
				CODE_SIGN_STYLE = Automatic;
				CURRENT_PROJECT_VERSION = 1;
				GENERATE_INFOPLIST_FILE = YES;
				INFOPLIST_FILE = ReminderPractice/Info.plist;
				INFOPLIST_KEY_UIApplicationSupportsIndirectInputEvents = YES;
				INFOPLIST_KEY_UILaunchStoryboardName = LaunchScreen;
				INFOPLIST_KEY_UISupportedInterfaceOrientations_iPad = "UIInterfaceOrientationPortrait UIInterfaceOrientationPortraitUpsideDown UIInterfaceOrientationLandscapeLeft UIInterfaceOrientationLandscapeRight";
				INFOPLIST_KEY_UISupportedInterfaceOrientations_iPhone = "UIInterfaceOrientationPortrait UIInterfaceOrientationLandscapeLeft UIInterfaceOrientationLandscapeRight";
				LD_RUNPATH_SEARCH_PATHS = (
					"$(inherited)",
					"@executable_path/Frameworks",
				);
				MARKETING_VERSION = 1.0;
				PRODUCT_BUNDLE_IDENTIFIER = com.Sierra.ReminderPractice;
				PRODUCT_NAME = "$(TARGET_NAME)";
				SWIFT_EMIT_LOC_STRINGS = YES;
				SWIFT_VERSION = 5.0;
				TARGETED_DEVICE_FAMILY = "1,2";
			};
			name = Debug;
		};
		C8ED341529D955BB00CA9286 /* Release */ = {
			isa = XCBuildConfiguration;
			buildSettings = {
				ASSETCATALOG_COMPILER_APPICON_NAME = AppIcon;
				ASSETCATALOG_COMPILER_GLOBAL_ACCENT_COLOR_NAME = AccentColor;
				CODE_SIGN_STYLE = Automatic;
				CURRENT_PROJECT_VERSION = 1;
				GENERATE_INFOPLIST_FILE = YES;
				INFOPLIST_FILE = ReminderPractice/Info.plist;
				INFOPLIST_KEY_UIApplicationSupportsIndirectInputEvents = YES;
				INFOPLIST_KEY_UILaunchStoryboardName = LaunchScreen;
				INFOPLIST_KEY_UISupportedInterfaceOrientations_iPad = "UIInterfaceOrientationPortrait UIInterfaceOrientationPortraitUpsideDown UIInterfaceOrientationLandscapeLeft UIInterfaceOrientationLandscapeRight";
				INFOPLIST_KEY_UISupportedInterfaceOrientations_iPhone = "UIInterfaceOrientationPortrait UIInterfaceOrientationLandscapeLeft UIInterfaceOrientationLandscapeRight";
				LD_RUNPATH_SEARCH_PATHS = (
					"$(inherited)",
					"@executable_path/Frameworks",
				);
				MARKETING_VERSION = 1.0;
				PRODUCT_BUNDLE_IDENTIFIER = com.Sierra.ReminderPractice;
				PRODUCT_NAME = "$(TARGET_NAME)";
				SWIFT_EMIT_LOC_STRINGS = YES;
				SWIFT_VERSION = 5.0;
				TARGETED_DEVICE_FAMILY = "1,2";
			};
			name = Release;
		};
/* End XCBuildConfiguration section */

/* Begin XCConfigurationList section */
		C8ED33FA29D955BA00CA9286 /* Build configuration list for PBXProject "ReminderPractice" */ = {
			isa = XCConfigurationList;
			buildConfigurations = (
				C8ED341129D955BB00CA9286 /* Debug */,
				C8ED341229D955BB00CA9286 /* Release */,
			);
			defaultConfigurationIsVisible = 0;
			defaultConfigurationName = Release;
		};
		C8ED341329D955BB00CA9286 /* Build configuration list for PBXNativeTarget "ReminderPractice" */ = {
			isa = XCConfigurationList;
			buildConfigurations = (
				C8ED341429D955BB00CA9286 /* Debug */,
				C8ED341529D955BB00CA9286 /* Release */,
			);
			defaultConfigurationIsVisible = 0;
			defaultConfigurationName = Release;
		};
/* End XCConfigurationList section */

/* Begin XCRemoteSwiftPackageReference section */
		C8ED341629D95E6C00CA9286 /* XCRemoteSwiftPackageReference "SnapKit" */ = {
			isa = XCRemoteSwiftPackageReference;
			repositoryURL = "https://github.com/SnapKit/SnapKit";
			requirement = {
				kind = upToNextMajorVersion;
				minimumVersion = 5.0.0;
			};
		};
/* End XCRemoteSwiftPackageReference section */

/* Begin XCSwiftPackageProductDependency section */
		C8ED341729D95E6C00CA9286 /* SnapKit */ = {
			isa = XCSwiftPackageProductDependency;
			package = C8ED341629D95E6C00CA9286 /* XCRemoteSwiftPackageReference "SnapKit" */;
			productName = SnapKit;
		};
/* End XCSwiftPackageProductDependency section */
	};
	rootObject = C8ED33F729D955BA00CA9286 /* Project object */;
}
